
Microsoft Visual Studio Solution File, Format Version 12.00
# Visual Studio Version 16
VisualStudioVersion = 16.0.30907.101
MinimumVisualStudioVersion = 10.0.40219.1
Project("{FAE04EC0-301F-11D3-BF4B-00C04F79EFBC}") = "Prace-v-hodine(metoda)", "Prace-v-hodine(metoda)\Prace-v-hodine(metoda).csproj", "{4AE8208D-D30F-4183-82A0-2314F8D85D64}"
EndProject
Global
	GlobalSection(SolutionConfigurationPlatforms) = preSolution
		Debug|Any CPU = Debug|Any CPU
		Release|Any CPU = Release|Any CPU
	EndGlobalSection
	GlobalSection(ProjectConfigurationPlatforms) = postSolution
		{4AE8208D-D30F-4183-82A0-2314F8D85D64}.Debug|Any CPU.ActiveCfg = Debug|Any CPU
		{4AE8208D-D30F-4183-82A0-2314F8D85D64}.Debug|Any CPU.Build.0 = Debug|Any CPU
		{4AE8208D-D30F-4183-82A0-2314F8D85D64}.Release|Any CPU.ActiveCfg = Release|Any CPU
		{4AE8208D-D30F-4183-82A0-2314F8D85D64}.Release|Any CPU.Build.0 = Release|Any CPU
	EndGlobalSection
	GlobalSection(SolutionProperties) = preSolution
		HideSolutionNode = FALSE
	EndGlobalSection
	GlobalSection(ExtensibilityGlobals) = postSolution
		SolutionGuid = {C1778667-B2D1-456E-8477-0339E59831D2}
	EndGlobalSection
EndGlobal
