
Microsoft Visual Studio Solution File, Format Version 12.00
# Visual Studio Version 16
VisualStudioVersion = 16.0.30907.101
MinimumVisualStudioVersion = 10.0.40219.1
Project("{FAE04EC0-301F-11D3-BF4B-00C04F79EFBC}") = "3_Metody-a-vlastnosti", "3_Metody-a-vlastnosti\3_Metody-a-vlastnosti.csproj", "{2ECA6478-3A25-4B59-B6C5-8A42A1D4C172}"
EndProject
Global
	GlobalSection(SolutionConfigurationPlatforms) = preSolution
		Debug|Any CPU = Debug|Any CPU
		Release|Any CPU = Release|Any CPU
	EndGlobalSection
	GlobalSection(ProjectConfigurationPlatforms) = postSolution
		{2ECA6478-3A25-4B59-B6C5-8A42A1D4C172}.Debug|Any CPU.ActiveCfg = Debug|Any CPU
		{2ECA6478-3A25-4B59-B6C5-8A42A1D4C172}.Debug|Any CPU.Build.0 = Debug|Any CPU
		{2ECA6478-3A25-4B59-B6C5-8A42A1D4C172}.Release|Any CPU.ActiveCfg = Release|Any CPU
		{2ECA6478-3A25-4B59-B6C5-8A42A1D4C172}.Release|Any CPU.Build.0 = Release|Any CPU
	EndGlobalSection
	GlobalSection(SolutionProperties) = preSolution
		HideSolutionNode = FALSE
	EndGlobalSection
	GlobalSection(ExtensibilityGlobals) = postSolution
		SolutionGuid = {804ABEC2-29C8-4C4C-A103-172AFC13D2D4}
	EndGlobalSection
EndGlobal
