
Microsoft Visual Studio Solution File, Format Version 12.00
# Visual Studio Version 16
VisualStudioVersion = 16.0.30907.101
MinimumVisualStudioVersion = 10.0.40219.1
Project("{FAE04EC0-301F-11D3-BF4B-00C04F79EFBC}") = "2_Prace-v-hodine-metody", "2_Prace-v-hodine-metody\2_Prace-v-hodine-metody.csproj", "{5775D5E5-069C-4702-8DE9-91990B45B243}"
EndProject
Global
	GlobalSection(SolutionConfigurationPlatforms) = preSolution
		Debug|Any CPU = Debug|Any CPU
		Release|Any CPU = Release|Any CPU
	EndGlobalSection
	GlobalSection(ProjectConfigurationPlatforms) = postSolution
		{5775D5E5-069C-4702-8DE9-91990B45B243}.Debug|Any CPU.ActiveCfg = Debug|Any CPU
		{5775D5E5-069C-4702-8DE9-91990B45B243}.Debug|Any CPU.Build.0 = Debug|Any CPU
		{5775D5E5-069C-4702-8DE9-91990B45B243}.Release|Any CPU.ActiveCfg = Release|Any CPU
		{5775D5E5-069C-4702-8DE9-91990B45B243}.Release|Any CPU.Build.0 = Release|Any CPU
	EndGlobalSection
	GlobalSection(SolutionProperties) = preSolution
		HideSolutionNode = FALSE
	EndGlobalSection
	GlobalSection(ExtensibilityGlobals) = postSolution
		SolutionGuid = {3EB9090D-80EC-4071-97BD-973CC61DCFEB}
	EndGlobalSection
EndGlobal
