
Microsoft Visual Studio Solution File, Format Version 12.00
# Visual Studio Version 16
VisualStudioVersion = 16.0.30907.101
MinimumVisualStudioVersion = 10.0.40219.1
Project("{FAE04EC0-301F-11D3-BF4B-00C04F79EFBC}") = "Metody-a-vlastnosti", "Metody-a-vlastnosti\Metody-a-vlastnosti.csproj", "{1764927D-9A44-48C1-88E3-FAD5A9D2F513}"
EndProject
Global
	GlobalSection(SolutionConfigurationPlatforms) = preSolution
		Debug|Any CPU = Debug|Any CPU
		Release|Any CPU = Release|Any CPU
	EndGlobalSection
	GlobalSection(ProjectConfigurationPlatforms) = postSolution
		{1764927D-9A44-48C1-88E3-FAD5A9D2F513}.Debug|Any CPU.ActiveCfg = Debug|Any CPU
		{1764927D-9A44-48C1-88E3-FAD5A9D2F513}.Debug|Any CPU.Build.0 = Debug|Any CPU
		{1764927D-9A44-48C1-88E3-FAD5A9D2F513}.Release|Any CPU.ActiveCfg = Release|Any CPU
		{1764927D-9A44-48C1-88E3-FAD5A9D2F513}.Release|Any CPU.Build.0 = Release|Any CPU
	EndGlobalSection
	GlobalSection(SolutionProperties) = preSolution
		HideSolutionNode = FALSE
	EndGlobalSection
	GlobalSection(ExtensibilityGlobals) = postSolution
		SolutionGuid = {DF236434-A28B-4884-BD3B-0DB9AD21D65B}
	EndGlobalSection
EndGlobal
