
Microsoft Visual Studio Solution File, Format Version 12.00
# Visual Studio Version 16
VisualStudioVersion = 16.0.30907.101
MinimumVisualStudioVersion = 10.0.40219.1
Project("{FAE04EC0-301F-11D3-BF4B-00C04F79EFBC}") = "5_Filmova_databaze", "5_Filmova_databaze\5_Filmova_databaze.csproj", "{491D788B-D8DB-4790-80FF-64C1D9702F1E}"
EndProject
Global
	GlobalSection(SolutionConfigurationPlatforms) = preSolution
		Debug|Any CPU = Debug|Any CPU
		Release|Any CPU = Release|Any CPU
	EndGlobalSection
	GlobalSection(ProjectConfigurationPlatforms) = postSolution
		{491D788B-D8DB-4790-80FF-64C1D9702F1E}.Debug|Any CPU.ActiveCfg = Debug|Any CPU
		{491D788B-D8DB-4790-80FF-64C1D9702F1E}.Debug|Any CPU.Build.0 = Debug|Any CPU
		{491D788B-D8DB-4790-80FF-64C1D9702F1E}.Release|Any CPU.ActiveCfg = Release|Any CPU
		{491D788B-D8DB-4790-80FF-64C1D9702F1E}.Release|Any CPU.Build.0 = Release|Any CPU
	EndGlobalSection
	GlobalSection(SolutionProperties) = preSolution
		HideSolutionNode = FALSE
	EndGlobalSection
	GlobalSection(ExtensibilityGlobals) = postSolution
		SolutionGuid = {D6ABE20C-BAA0-40D9-A1CB-BB6C2A8F3C60}
	EndGlobalSection
EndGlobal
