
Microsoft Visual Studio Solution File, Format Version 12.00
# Visual Studio Version 16
VisualStudioVersion = 16.0.30907.101
MinimumVisualStudioVersion = 10.0.40219.1
Project("{FAE04EC0-301F-11D3-BF4B-00C04F79EFBC}") = "6_Bankomat", "6_Bankomat\6_Bankomat.csproj", "{F4CF1900-EAA2-48D0-8BCC-6B621D659FFE}"
EndProject
Global
	GlobalSection(SolutionConfigurationPlatforms) = preSolution
		Debug|Any CPU = Debug|Any CPU
		Release|Any CPU = Release|Any CPU
	EndGlobalSection
	GlobalSection(ProjectConfigurationPlatforms) = postSolution
		{F4CF1900-EAA2-48D0-8BCC-6B621D659FFE}.Debug|Any CPU.ActiveCfg = Debug|Any CPU
		{F4CF1900-EAA2-48D0-8BCC-6B621D659FFE}.Debug|Any CPU.Build.0 = Debug|Any CPU
		{F4CF1900-EAA2-48D0-8BCC-6B621D659FFE}.Release|Any CPU.ActiveCfg = Release|Any CPU
		{F4CF1900-EAA2-48D0-8BCC-6B621D659FFE}.Release|Any CPU.Build.0 = Release|Any CPU
	EndGlobalSection
	GlobalSection(SolutionProperties) = preSolution
		HideSolutionNode = FALSE
	EndGlobalSection
	GlobalSection(ExtensibilityGlobals) = postSolution
		SolutionGuid = {68789111-FBDA-48B0-B7C4-88FFC1682CAA}
	EndGlobalSection
EndGlobal
