
Microsoft Visual Studio Solution File, Format Version 12.00
# Visual Studio Version 16
VisualStudioVersion = 16.0.30907.101
MinimumVisualStudioVersion = 10.0.40219.1
Project("{FAE04EC0-301F-11D3-BF4B-00C04F79EFBC}") = "8_Dimensions", "8_Dimensions\8_Dimensions.csproj", "{4BB14E16-F9A2-466D-B8C0-C9A76E15659A}"
EndProject
Global
	GlobalSection(SolutionConfigurationPlatforms) = preSolution
		Debug|Any CPU = Debug|Any CPU
		Release|Any CPU = Release|Any CPU
	EndGlobalSection
	GlobalSection(ProjectConfigurationPlatforms) = postSolution
		{4BB14E16-F9A2-466D-B8C0-C9A76E15659A}.Debug|Any CPU.ActiveCfg = Debug|Any CPU
		{4BB14E16-F9A2-466D-B8C0-C9A76E15659A}.Debug|Any CPU.Build.0 = Debug|Any CPU
		{4BB14E16-F9A2-466D-B8C0-C9A76E15659A}.Release|Any CPU.ActiveCfg = Release|Any CPU
		{4BB14E16-F9A2-466D-B8C0-C9A76E15659A}.Release|Any CPU.Build.0 = Release|Any CPU
	EndGlobalSection
	GlobalSection(SolutionProperties) = preSolution
		HideSolutionNode = FALSE
	EndGlobalSection
	GlobalSection(ExtensibilityGlobals) = postSolution
		SolutionGuid = {0ADD42EE-02E6-4078-B088-869AA5BB3F9C}
	EndGlobalSection
EndGlobal
